<?xml version="1.0" encoding="UTF-8" standalone="yes" ?>
<CodeBlocks_project_file>
	<FileVersion major="1" minor="6" />
	<Project>
		<Option title="RdtUdpClient" />
		<Option pch_mode="2" />
		<Option compiler="gcc" />
		<Build>
			<Target title="Debug">
				<Option output="bin/Debug/RdtUdpClient" prefix_auto="1" extension_auto="1" />
				<Option object_output="obj/Debug/" />
				<Option type="1" />
				<Option compiler="gcc" />
				<Option parameters="localhost 8080 TEST ERROR_MAXTIMEOUTRETRY" />
				<Compiler>
					<Add option="-g" />
				</Compiler>
			</Target>
			<Target title="Release">
				<Option output="bin/Release/RdtUdpClient" prefix_auto="1" extension_auto="1" />
				<Option object_output="obj/Release/" />
				<Option type="1" />
				<Option compiler="gcc" />
				<Compiler>
					<Add option="-O2" />
				</Compiler>
				<Linker>
					<Add option="-s" />
				</Linker>
			</Target>
		</Build>
		<Compiler>
			<Add option="-Wall" />
			<Add option="-fexceptions" />
		</Compiler>
		<Unit filename="cksum.cpp" />
		<Unit filename="cksum.hpp" />
		<Unit filename="debugmsg.cpp" />
		<Unit filename="debugmsg.hpp" />
		<Unit filename="main.cpp" />
		<Unit filename="packet.cpp" />
		<Unit filename="packet.hpp" />
		<Unit filename="rdt.cpp" />
		<Unit filename="rdt.hpp" />
		<Unit filename="testcases.cpp" />
		<Unit filename="testcases.hpp" />
		<Unit filename="timeout.cpp" />
		<Unit filename="timeout.hpp" />
		<Extensions>
			<code_completion />
			<debugger />
		</Extensions>
	</Project>
</CodeBlocks_project_file>
